
Microsoft Visual Studio Solution File, Format Version 12.00
# Visual Studio Version 16
VisualStudioVersion = 16.0.30804.86
MinimumVisualStudioVersion = 10.0.40219.1
Project("{FAE04EC0-301F-11D3-BF4B-00C04F79EFBC}") = "UD10-EX9", "UD10-EX9\UD10-EX9.csproj", "{913E641A-4718-442F-AA54-4630C394386D}"
EndProject
Global
	GlobalSection(SolutionConfigurationPlatforms) = preSolution
		Debug|Any CPU = Debug|Any CPU
		Release|Any CPU = Release|Any CPU
	EndGlobalSection
	GlobalSection(ProjectConfigurationPlatforms) = postSolution
		{913E641A-4718-442F-AA54-4630C394386D}.Debug|Any CPU.ActiveCfg = Debug|Any CPU
		{913E641A-4718-442F-AA54-4630C394386D}.Debug|Any CPU.Build.0 = Debug|Any CPU
		{913E641A-4718-442F-AA54-4630C394386D}.Release|Any CPU.ActiveCfg = Release|Any CPU
		{913E641A-4718-442F-AA54-4630C394386D}.Release|Any CPU.Build.0 = Release|Any CPU
	EndGlobalSection
	GlobalSection(SolutionProperties) = preSolution
		HideSolutionNode = FALSE
	EndGlobalSection
	GlobalSection(ExtensibilityGlobals) = postSolution
		SolutionGuid = {65CA51F0-BD67-438A-86F7-9285DFA52720}
	EndGlobalSection
EndGlobal
